{
  "name": "wynn-huntered",
  "version": "1.0.0",
  "lockfileVersion": 3,
  "requires": true,
  "packages": {
    "": {
      "name": "wynn-huntered",
      "version": "1.0.0",
      "license": "ISC",
      "dependencies": {
        "wynn-api-node": "^3.2.1"
      }
    },
    "node_modules/wynn-api-node": {
      "version": "3.2.1",
      "resolved": "https://registry.npmjs.org/wynn-api-node/-/wynn-api-node-3.2.1.tgz",
      "integrity": "sha512-mQX7SJyI5vUOs07vrWMiEdQx0eIr2Co5yDcc3O42lvIHVLDBcGDn9jYKeIAtgsH6xh4rUxoKt9HdpU4PpGuiGg==",
      "engines": {
        "node": ">=6.0.0"
      }
    }
  }
}
